// !$*UTF8*$!
{
	archiveVersion = 1;
	classes = {
	};
	objectVersion = 50;
	objects = {

/* Begin PBXBuildFile section */
		F70A205523CD06260063064E /* WeightVC.swift in Sources */ = {isa = PBXBuildFile; fileRef = F70A205423CD06260063064E /* WeightVC.swift */; };
		F70A205923CE5C3B0063064E /* FinishedVC.swift in Sources */ = {isa = PBXBuildFile; fileRef = F70A205823CE5C3B0063064E /* FinishedVC.swift */; };
		F739819D23CB62650011E5F2 /* AppDelegate.swift in Sources */ = {isa = PBXBuildFile; fileRef = F739819C23CB62650011E5F2 /* AppDelegate.swift */; };
		F739819F23CB62650011E5F2 /* StartVC.swift in Sources */ = {isa = PBXBuildFile; fileRef = F739819E23CB62650011E5F2 /* StartVC.swift */; };
		F73981A223CB62650011E5F2 /* Main.storyboard in Resources */ = {isa = PBXBuildFile; fileRef = F73981A023CB62650011E5F2 /* Main.storyboard */; };
		F73981A423CB626D0011E5F2 /* Assets.xcassets in Resources */ = {isa = PBXBuildFile; fileRef = F73981A323CB626D0011E5F2 /* Assets.xcassets */; };
		F73981A723CB626D0011E5F2 /* LaunchScreen.storyboard in Resources */ = {isa = PBXBuildFile; fileRef = F73981A523CB626D0011E5F2 /* LaunchScreen.storyboard */; };
		F73981B223CB626D0011E5F2 /* DringUpTests.swift in Sources */ = {isa = PBXBuildFile; fileRef = F73981B123CB626D0011E5F2 /* DringUpTests.swift */; };
		F73981BD23CB626D0011E5F2 /* DringUpUITests.swift in Sources */ = {isa = PBXBuildFile; fileRef = F73981BC23CB626D0011E5F2 /* DringUpUITests.swift */; };
		F73981CB23CB656A0011E5F2 /* SelectDrinkVC.swift in Sources */ = {isa = PBXBuildFile; fileRef = F73981CA23CB656A0011E5F2 /* SelectDrinkVC.swift */; };
		F73981CE23CB69160011E5F2 /* SelectButton.swift in Sources */ = {isa = PBXBuildFile; fileRef = F73981CD23CB69160011E5F2 /* SelectButton.swift */; };
		F73981D023CB6D450011E5F2 /* AmountOfAlcoVC.swift in Sources */ = {isa = PBXBuildFile; fileRef = F73981CF23CB6D450011E5F2 /* AmountOfAlcoVC.swift */; };
		F7E5BCBD23CBBCEE0081EFDC /* GenderVC.swift in Sources */ = {isa = PBXBuildFile; fileRef = F7E5BCBC23CBBCEE0081EFDC /* GenderVC.swift */; };
/* End PBXBuildFile section */

/* Begin PBXContainerItemProxy section */
		F73981AE23CB626D0011E5F2 /* PBXContainerItemProxy */ = {
			isa = PBXContainerItemProxy;
			containerPortal = F739819123CB62640011E5F2 /* Project object */;
			proxyType = 1;
			remoteGlobalIDString = F739819823CB62640011E5F2;
			remoteInfo = DringUp;
		};
		F73981B923CB626D0011E5F2 /* PBXContainerItemProxy */ = {
			isa = PBXContainerItemProxy;
			containerPortal = F739819123CB62640011E5F2 /* Project object */;
			proxyType = 1;
			remoteGlobalIDString = F739819823CB62640011E5F2;
			remoteInfo = DringUp;
		};
/* End PBXContainerItemProxy section */

/* Begin PBXFileReference section */
		F70A205423CD06260063064E /* WeightVC.swift */ = {isa = PBXFileReference; lastKnownFileType = sourcecode.swift; path = WeightVC.swift; sourceTree = "<group>"; };
		F70A205823CE5C3B0063064E /* FinishedVC.swift */ = {isa = PBXFileReference; lastKnownFileType = sourcecode.swift; path = FinishedVC.swift; sourceTree = "<group>"; };
		F739819923CB62640011E5F2 /* DringUp.app */ = {isa = PBXFileReference; explicitFileType = wrapper.application; includeInIndex = 0; path = DringUp.app; sourceTree = BUILT_PRODUCTS_DIR; };
		F739819C23CB62650011E5F2 /* AppDelegate.swift */ = {isa = PBXFileReference; lastKnownFileType = sourcecode.swift; path = AppDelegate.swift; sourceTree = "<group>"; };
		F739819E23CB62650011E5F2 /* StartVC.swift */ = {isa = PBXFileReference; lastKnownFileType = sourcecode.swift; path = StartVC.swift; sourceTree = "<group>"; };
		F73981A123CB62650011E5F2 /* Base */ = {isa = PBXFileReference; lastKnownFileType = file.storyboard; name = Base; path = Base.lproj/Main.storyboard; sourceTree = "<group>"; };
		F73981A323CB626D0011E5F2 /* Assets.xcassets */ = {isa = PBXFileReference; lastKnownFileType = folder.assetcatalog; path = Assets.xcassets; sourceTree = "<group>"; };
		F73981A623CB626D0011E5F2 /* Base */ = {isa = PBXFileReference; lastKnownFileType = file.storyboard; name = Base; path = Base.lproj/LaunchScreen.storyboard; sourceTree = "<group>"; };
		F73981A823CB626D0011E5F2 /* Info.plist */ = {isa = PBXFileReference; lastKnownFileType = text.plist.xml; path = Info.plist; sourceTree = "<group>"; };
		F73981AD23CB626D0011E5F2 /* DringUpTests.xctest */ = {isa = PBXFileReference; explicitFileType = wrapper.cfbundle; includeInIndex = 0; path = DringUpTests.xctest; sourceTree = BUILT_PRODUCTS_DIR; };
		F73981B123CB626D0011E5F2 /* DringUpTests.swift */ = {isa = PBXFileReference; lastKnownFileType = sourcecode.swift; path = DringUpTests.swift; sourceTree = "<group>"; };
		F73981B323CB626D0011E5F2 /* Info.plist */ = {isa = PBXFileReference; lastKnownFileType = text.plist.xml; path = Info.plist; sourceTree = "<group>"; };
		F73981B823CB626D0011E5F2 /* DringUpUITests.xctest */ = {isa = PBXFileReference; explicitFileType = wrapper.cfbundle; includeInIndex = 0; path = DringUpUITests.xctest; sourceTree = BUILT_PRODUCTS_DIR; };
		F73981BC23CB626D0011E5F2 /* DringUpUITests.swift */ = {isa = PBXFileReference; lastKnownFileType = sourcecode.swift; path = DringUpUITests.swift; sourceTree = "<group>"; };
		F73981BE23CB626D0011E5F2 /* Info.plist */ = {isa = PBXFileReference; lastKnownFileType = text.plist.xml; path = Info.plist; sourceTree = "<group>"; };
		F73981CA23CB656A0011E5F2 /* SelectDrinkVC.swift */ = {isa = PBXFileReference; lastKnownFileType = sourcecode.swift; path = SelectDrinkVC.swift; sourceTree = "<group>"; };
		F73981CD23CB69160011E5F2 /* SelectButton.swift */ = {isa = PBXFileReference; lastKnownFileType = sourcecode.swift; path = SelectButton.swift; sourceTree = "<group>"; };
		F73981CF23CB6D450011E5F2 /* AmountOfAlcoVC.swift */ = {isa = PBXFileReference; lastKnownFileType = sourcecode.swift; path = AmountOfAlcoVC.swift; sourceTree = "<group>"; };
		F7E5BCBC23CBBCEE0081EFDC /* GenderVC.swift */ = {isa = PBXFileReference; lastKnownFileType = sourcecode.swift; path = GenderVC.swift; sourceTree = "<group>"; };
/* End PBXFileReference section */

/* Begin PBXFrameworksBuildPhase section */
		F739819623CB62640011E5F2 /* Frameworks */ = {
			isa = PBXFrameworksBuildPhase;
			buildActionMask = 2147483647;
			files = (
			);
			runOnlyForDeploymentPostprocessing = 0;
		};
		F73981AA23CB626D0011E5F2 /* Frameworks */ = {
			isa = PBXFrameworksBuildPhase;
			buildActionMask = 2147483647;
			files = (
			);
			runOnlyForDeploymentPostprocessing = 0;
		};
		F73981B523CB626D0011E5F2 /* Frameworks */ = {
			isa = PBXFrameworksBuildPhase;
			buildActionMask = 2147483647;
			files = (
			);
			runOnlyForDeploymentPostprocessing = 0;
		};
/* End PBXFrameworksBuildPhase section */

/* Begin PBXGroup section */
		F739819023CB62640011E5F2 = {
			isa = PBXGroup;
			children = (
				F739819B23CB62640011E5F2 /* DringUp */,
				F73981B023CB626D0011E5F2 /* DringUpTests */,
				F73981BB23CB626D0011E5F2 /* DringUpUITests */,
				F739819A23CB62640011E5F2 /* Products */,
			);
			sourceTree = "<group>";
		};
		F739819A23CB62640011E5F2 /* Products */ = {
			isa = PBXGroup;
			children = (
				F739819923CB62640011E5F2 /* DringUp.app */,
				F73981AD23CB626D0011E5F2 /* DringUpTests.xctest */,
				F73981B823CB626D0011E5F2 /* DringUpUITests.xctest */,
			);
			name = Products;
			sourceTree = "<group>";
		};
		F739819B23CB62640011E5F2 /* DringUp */ = {
			isa = PBXGroup;
			children = (
				F73981D123CB6F760011E5F2 /* ViewController */,
				F73981CC23CB68E10011E5F2 /* CustomView */,
				F739819C23CB62650011E5F2 /* AppDelegate.swift */,
				F73981A023CB62650011E5F2 /* Main.storyboard */,
				F73981A323CB626D0011E5F2 /* Assets.xcassets */,
				F73981A523CB626D0011E5F2 /* LaunchScreen.storyboard */,
				F73981A823CB626D0011E5F2 /* Info.plist */,
			);
			path = DringUp;
			sourceTree = "<group>";
		};
		F73981B023CB626D0011E5F2 /* DringUpTests */ = {
			isa = PBXGroup;
			children = (
				F73981B123CB626D0011E5F2 /* DringUpTests.swift */,
				F73981B323CB626D0011E5F2 /* Info.plist */,
			);
			path = DringUpTests;
			sourceTree = "<group>";
		};
		F73981BB23CB626D0011E5F2 /* DringUpUITests */ = {
			isa = PBXGroup;
			children = (
				F73981BC23CB626D0011E5F2 /* DringUpUITests.swift */,
				F73981BE23CB626D0011E5F2 /* Info.plist */,
			);
			path = DringUpUITests;
			sourceTree = "<group>";
		};
		F73981CC23CB68E10011E5F2 /* CustomView */ = {
			isa = PBXGroup;
			children = (
				F73981CD23CB69160011E5F2 /* SelectButton.swift */,
			);
			path = CustomView;
			sourceTree = "<group>";
		};
		F73981D123CB6F760011E5F2 /* ViewController */ = {
			isa = PBXGroup;
			children = (
				F739819E23CB62650011E5F2 /* StartVC.swift */,
				F73981CA23CB656A0011E5F2 /* SelectDrinkVC.swift */,
				F73981CF23CB6D450011E5F2 /* AmountOfAlcoVC.swift */,
				F7E5BCBC23CBBCEE0081EFDC /* GenderVC.swift */,
				F70A205423CD06260063064E /* WeightVC.swift */,
				F70A205823CE5C3B0063064E /* FinishedVC.swift */,
			);
			path = ViewController;
			sourceTree = "<group>";
		};
/* End PBXGroup section */

/* Begin PBXNativeTarget section */
		F739819823CB62640011E5F2 /* DringUp */ = {
			isa = PBXNativeTarget;
			buildConfigurationList = F73981C123CB626D0011E5F2 /* Build configuration list for PBXNativeTarget "DringUp" */;
			buildPhases = (
				F739819523CB62640011E5F2 /* Sources */,
				F739819623CB62640011E5F2 /* Frameworks */,
				F739819723CB62640011E5F2 /* Resources */,
			);
			buildRules = (
			);
			dependencies = (
			);
			name = DringUp;
			productName = DringUp;
			productReference = F739819923CB62640011E5F2 /* DringUp.app */;
			productType = "com.apple.product-type.application";
		};
		F73981AC23CB626D0011E5F2 /* DringUpTests */ = {
			isa = PBXNativeTarget;
			buildConfigurationList = F73981C423CB626D0011E5F2 /* Build configuration list for PBXNativeTarget "DringUpTests" */;
			buildPhases = (
				F73981A923CB626D0011E5F2 /* Sources */,
				F73981AA23CB626D0011E5F2 /* Frameworks */,
				F73981AB23CB626D0011E5F2 /* Resources */,
			);
			buildRules = (
			);
			dependencies = (
				F73981AF23CB626D0011E5F2 /* PBXTargetDependency */,
			);
			name = DringUpTests;
			productName = DringUpTests;
			productReference = F73981AD23CB626D0011E5F2 /* DringUpTests.xctest */;
			productType = "com.apple.product-type.bundle.unit-test";
		};
		F73981B723CB626D0011E5F2 /* DringUpUITests */ = {
			isa = PBXNativeTarget;
			buildConfigurationList = F73981C723CB626D0011E5F2 /* Build configuration list for PBXNativeTarget "DringUpUITests" */;
			buildPhases = (
				F73981B423CB626D0011E5F2 /* Sources */,
				F73981B523CB626D0011E5F2 /* Frameworks */,
				F73981B623CB626D0011E5F2 /* Resources */,
			);
			buildRules = (
			);
			dependencies = (
				F73981BA23CB626D0011E5F2 /* PBXTargetDependency */,
			);
			name = DringUpUITests;
			productName = DringUpUITests;
			productReference = F73981B823CB626D0011E5F2 /* DringUpUITests.xctest */;
			productType = "com.apple.product-type.bundle.ui-testing";
		};
/* End PBXNativeTarget section */

/* Begin PBXProject section */
		F739819123CB62640011E5F2 /* Project object */ = {
			isa = PBXProject;
			attributes = {
				LastSwiftUpdateCheck = 1030;
				LastUpgradeCheck = 1030;
				ORGANIZATIONNAME = alena;
				TargetAttributes = {
					F739819823CB62640011E5F2 = {
						CreatedOnToolsVersion = 10.3;
					};
					F73981AC23CB626D0011E5F2 = {
						CreatedOnToolsVersion = 10.3;
						TestTargetID = F739819823CB62640011E5F2;
					};
					F73981B723CB626D0011E5F2 = {
						CreatedOnToolsVersion = 10.3;
						TestTargetID = F739819823CB62640011E5F2;
					};
				};
			};
			buildConfigurationList = F739819423CB62640011E5F2 /* Build configuration list for PBXProject "DringUp" */;
			compatibilityVersion = "Xcode 9.3";
			developmentRegion = en;
			hasScannedForEncodings = 0;
			knownRegions = (
				en,
				Base,
			);
			mainGroup = F739819023CB62640011E5F2;
			productRefGroup = F739819A23CB62640011E5F2 /* Products */;
			projectDirPath = "";
			projectRoot = "";
			targets = (
				F739819823CB62640011E5F2 /* DringUp */,
				F73981AC23CB626D0011E5F2 /* DringUpTests */,
				F73981B723CB626D0011E5F2 /* DringUpUITests */,
			);
		};
/* End PBXProject section */

/* Begin PBXResourcesBuildPhase section */
		F739819723CB62640011E5F2 /* Resources */ = {
			isa = PBXResourcesBuildPhase;
			buildActionMask = 2147483647;
			files = (
				F73981A723CB626D0011E5F2 /* LaunchScreen.storyboard in Resources */,
				F73981A423CB626D0011E5F2 /* Assets.xcassets in Resources */,
				F73981A223CB62650011E5F2 /* Main.storyboard in Resources */,
			);
			runOnlyForDeploymentPostprocessing = 0;
		};
		F73981AB23CB626D0011E5F2 /* Resources */ = {
			isa = PBXResourcesBuildPhase;
			buildActionMask = 2147483647;
			files = (
			);
			runOnlyForDeploymentPostprocessing = 0;
		};
		F73981B623CB626D0011E5F2 /* Resources */ = {
			isa = PBXResourcesBuildPhase;
			buildActionMask = 2147483647;
			files = (
			);
			runOnlyForDeploymentPostprocessing = 0;
		};
/* End PBXResourcesBuildPhase section */

/* Begin PBXSourcesBuildPhase section */
		F739819523CB62640011E5F2 /* Sources */ = {
			isa = PBXSourcesBuildPhase;
			buildActionMask = 2147483647;
			files = (
				F73981CB23CB656A0011E5F2 /* SelectDrinkVC.swift in Sources */,
				F73981CE23CB69160011E5F2 /* SelectButton.swift in Sources */,
				F739819F23CB62650011E5F2 /* StartVC.swift in Sources */,
				F7E5BCBD23CBBCEE0081EFDC /* GenderVC.swift in Sources */,
				F70A205523CD06260063064E /* WeightVC.swift in Sources */,
				F73981D023CB6D450011E5F2 /* AmountOfAlcoVC.swift in Sources */,
				F70A205923CE5C3B0063064E /* FinishedVC.swift in Sources */,
				F739819D23CB62650011E5F2 /* AppDelegate.swift in Sources */,
			);
			runOnlyForDeploymentPostprocessing = 0;
		};
		F73981A923CB626D0011E5F2 /* Sources */ = {
			isa = PBXSourcesBuildPhase;
			buildActionMask = 2147483647;
			files = (
				F73981B223CB626D0011E5F2 /* DringUpTests.swift in Sources */,
			);
			runOnlyForDeploymentPostprocessing = 0;
		};
		F73981B423CB626D0011E5F2 /* Sources */ = {
			isa = PBXSourcesBuildPhase;
			buildActionMask = 2147483647;
			files = (
				F73981BD23CB626D0011E5F2 /* DringUpUITests.swift in Sources */,
			);
			runOnlyForDeploymentPostprocessing = 0;
		};
/* End PBXSourcesBuildPhase section */

/* Begin PBXTargetDependency section */
		F73981AF23CB626D0011E5F2 /* PBXTargetDependency */ = {
			isa = PBXTargetDependency;
			target = F739819823CB62640011E5F2 /* DringUp */;
			targetProxy = F73981AE23CB626D0011E5F2 /* PBXContainerItemProxy */;
		};
		F73981BA23CB626D0011E5F2 /* PBXTargetDependency */ = {
			isa = PBXTargetDependency;
			target = F739819823CB62640011E5F2 /* DringUp */;
			targetProxy = F73981B923CB626D0011E5F2 /* PBXContainerItemProxy */;
		};
/* End PBXTargetDependency section */

/* Begin PBXVariantGroup section */
		F73981A023CB62650011E5F2 /* Main.storyboard */ = {
			isa = PBXVariantGroup;
			children = (
				F73981A123CB62650011E5F2 /* Base */,
			);
			name = Main.storyboard;
			sourceTree = "<group>";
		};
		F73981A523CB626D0011E5F2 /* LaunchScreen.storyboard */ = {
			isa = PBXVariantGroup;
			children = (
				F73981A623CB626D0011E5F2 /* Base */,
			);
			name = LaunchScreen.storyboard;
			sourceTree = "<group>";
		};
/* End PBXVariantGroup section */

/* Begin XCBuildConfiguration section */
		F73981BF23CB626D0011E5F2 /* Debug */ = {
			isa = XCBuildConfiguration;
			buildSettings = {
				ALWAYS_SEARCH_USER_PATHS = NO;
				CLANG_ANALYZER_NONNULL = YES;
				CLANG_ANALYZER_NUMBER_OBJECT_CONVERSION = YES_AGGRESSIVE;
				CLANG_CXX_LANGUAGE_STANDARD = "gnu++14";
				CLANG_CXX_LIBRARY = "libc++";
				CLANG_ENABLE_MODULES = YES;
				CLANG_ENABLE_OBJC_ARC = YES;
				CLANG_ENABLE_OBJC_WEAK = YES;
				CLANG_WARN_BLOCK_CAPTURE_AUTORELEASING = YES;
				CLANG_WARN_BOOL_CONVERSION = YES;
				CLANG_WARN_COMMA = YES;
				CLANG_WARN_CONSTANT_CONVERSION = YES;
				CLANG_WARN_DEPRECATED_OBJC_IMPLEMENTATIONS = YES;
				CLANG_WARN_DIRECT_OBJC_ISA_USAGE = YES_ERROR;
				CLANG_WARN_DOCUMENTATION_COMMENTS = YES;
				CLANG_WARN_EMPTY_BODY = YES;
				CLANG_WARN_ENUM_CONVERSION = YES;
				CLANG_WARN_INFINITE_RECURSION = YES;
				CLANG_WARN_INT_CONVERSION = YES;
				CLANG_WARN_NON_LITERAL_NULL_CONVERSION = YES;
				CLANG_WARN_OBJC_IMPLICIT_RETAIN_SELF = YES;
				CLANG_WARN_OBJC_LITERAL_CONVERSION = YES;
				CLANG_WARN_OBJC_ROOT_CLASS = YES_ERROR;
				CLANG_WARN_RANGE_LOOP_ANALYSIS = YES;
				CLANG_WARN_STRICT_PROTOTYPES = YES;
				CLANG_WARN_SUSPICIOUS_MOVE = YES;
				CLANG_WARN_UNGUARDED_AVAILABILITY = YES_AGGRESSIVE;
				CLANG_WARN_UNREACHABLE_CODE = YES;
				CLANG_WARN__DUPLICATE_METHOD_MATCH = YES;
				CODE_SIGN_IDENTITY = "iPhone Developer";
				COPY_PHASE_STRIP = NO;
				DEBUG_INFORMATION_FORMAT = dwarf;
				ENABLE_STRICT_OBJC_MSGSEND = YES;
				ENABLE_TESTABILITY = YES;
				GCC_C_LANGUAGE_STANDARD = gnu11;
				GCC_DYNAMIC_NO_PIC = NO;
				GCC_NO_COMMON_BLOCKS = YES;
				GCC_OPTIMIZATION_LEVEL = 0;
				GCC_PREPROCESSOR_DEFINITIONS = (
					"DEBUG=1",
					"$(inherited)",
				);
				GCC_WARN_64_TO_32_BIT_CONVERSION = YES;
				GCC_WARN_ABOUT_RETURN_TYPE = YES_ERROR;
				GCC_WARN_UNDECLARED_SELECTOR = YES;
				GCC_WARN_UNINITIALIZED_AUTOS = YES_AGGRESSIVE;
				GCC_WARN_UNUSED_FUNCTION = YES;
				GCC_WARN_UNUSED_VARIABLE = YES;
				IPHONEOS_DEPLOYMENT_TARGET = 12.4;
				MTL_ENABLE_DEBUG_INFO = INCLUDE_SOURCE;
				MTL_FAST_MATH = YES;
				ONLY_ACTIVE_ARCH = YES;
				SDKROOT = iphoneos;
				SWIFT_ACTIVE_COMPILATION_CONDITIONS = DEBUG;
				SWIFT_OPTIMIZATION_LEVEL = "-Onone";
			};
			name = Debug;
		};
		F73981C023CB626D0011E5F2 /* Release */ = {
			isa = XCBuildConfiguration;
			buildSettings = {
				ALWAYS_SEARCH_USER_PATHS = NO;
				CLANG_ANALYZER_NONNULL = YES;
				CLANG_ANALYZER_NUMBER_OBJECT_CONVERSION = YES_AGGRESSIVE;
				CLANG_CXX_LANGUAGE_STANDARD = "gnu++14";
				CLANG_CXX_LIBRARY = "libc++";
				CLANG_ENABLE_MODULES = YES;
				CLANG_ENABLE_OBJC_ARC = YES;
				CLANG_ENABLE_OBJC_WEAK = YES;
				CLANG_WARN_BLOCK_CAPTURE_AUTORELEASING = YES;
				CLANG_WARN_BOOL_CONVERSION = YES;
				CLANG_WARN_COMMA = YES;
				CLANG_WARN_CONSTANT_CONVERSION = YES;
				CLANG_WARN_DEPRECATED_OBJC_IMPLEMENTATIONS = YES;
				CLANG_WARN_DIRECT_OBJC_ISA_USAGE = YES_ERROR;
				CLANG_WARN_DOCUMENTATION_COMMENTS = YES;
				CLANG_WARN_EMPTY_BODY = YES;
				CLANG_WARN_ENUM_CONVERSION = YES;
				CLANG_WARN_INFINITE_RECURSION = YES;
				CLANG_WARN_INT_CONVERSION = YES;
				CLANG_WARN_NON_LITERAL_NULL_CONVERSION = YES;
				CLANG_WARN_OBJC_IMPLICIT_RETAIN_SELF = YES;
				CLANG_WARN_OBJC_LITERAL_CONVERSION = YES;
				CLANG_WARN_OBJC_ROOT_CLASS = YES_ERROR;
				CLANG_WARN_RANGE_LOOP_ANALYSIS = YES;
				CLANG_WARN_STRICT_PROTOTYPES = YES;
				CLANG_WARN_SUSPICIOUS_MOVE = YES;
				CLANG_WARN_UNGUARDED_AVAILABILITY = YES_AGGRESSIVE;
				CLANG_WARN_UNREACHABLE_CODE = YES;
				CLANG_WARN__DUPLICATE_METHOD_MATCH = YES;
				CODE_SIGN_IDENTITY = "iPhone Developer";
				COPY_PHASE_STRIP = NO;
				DEBUG_INFORMATION_FORMAT = "dwarf-with-dsym";
				ENABLE_NS_ASSERTIONS = NO;
				ENABLE_STRICT_OBJC_MSGSEND = YES;
				GCC_C_LANGUAGE_STANDARD = gnu11;
				GCC_NO_COMMON_BLOCKS = YES;
				GCC_WARN_64_TO_32_BIT_CONVERSION = YES;
				GCC_WARN_ABOUT_RETURN_TYPE = YES_ERROR;
				GCC_WARN_UNDECLARED_SELECTOR = YES;
				GCC_WARN_UNINITIALIZED_AUTOS = YES_AGGRESSIVE;
				GCC_WARN_UNUSED_FUNCTION = YES;
				GCC_WARN_UNUSED_VARIABLE = YES;
				IPHONEOS_DEPLOYMENT_TARGET = 12.4;
				MTL_ENABLE_DEBUG_INFO = NO;
				MTL_FAST_MATH = YES;
				SDKROOT = iphoneos;
				SWIFT_COMPILATION_MODE = wholemodule;
				SWIFT_OPTIMIZATION_LEVEL = "-O";
				VALIDATE_PRODUCT = YES;
			};
			name = Release;
		};
		F73981C223CB626D0011E5F2 /* Debug */ = {
			isa = XCBuildConfiguration;
			buildSettings = {
				ASSETCATALOG_COMPILER_APPICON_NAME = AppIcon;
				CODE_SIGN_STYLE = Automatic;
				DEVELOPMENT_TEAM = QYUF6SP3TV;
				INFOPLIST_FILE = DringUp/Info.plist;
				LD_RUNPATH_SEARCH_PATHS = (
					"$(inherited)",
					"@executable_path/Frameworks",
				);
				PRODUCT_BUNDLE_IDENTIFIER = frg.DringUp;
				PRODUCT_NAME = "$(TARGET_NAME)";
				SWIFT_VERSION = 5.0;
				TARGETED_DEVICE_FAMILY = "1,2";
			};
			name = Debug;
		};
		F73981C323CB626D0011E5F2 /* Release */ = {
			isa = XCBuildConfiguration;
			buildSettings = {
				ASSETCATALOG_COMPILER_APPICON_NAME = AppIcon;
				CODE_SIGN_STYLE = Automatic;
				DEVELOPMENT_TEAM = QYUF6SP3TV;
				INFOPLIST_FILE = DringUp/Info.plist;
				LD_RUNPATH_SEARCH_PATHS = (
					"$(inherited)",
					"@executable_path/Frameworks",
				);
				PRODUCT_BUNDLE_IDENTIFIER = frg.DringUp;
				PRODUCT_NAME = "$(TARGET_NAME)";
				SWIFT_VERSION = 5.0;
				TARGETED_DEVICE_FAMILY = "1,2";
			};
			name = Release;
		};
		F73981C523CB626D0011E5F2 /* Debug */ = {
			isa = XCBuildConfiguration;
			buildSettings = {
				ALWAYS_EMBED_SWIFT_STANDARD_LIBRARIES = YES;
				BUNDLE_LOADER = "$(TEST_HOST)";
				CODE_SIGN_STYLE = Automatic;
				DEVELOPMENT_TEAM = QYUF6SP3TV;
				INFOPLIST_FILE = DringUpTests/Info.plist;
				LD_RUNPATH_SEARCH_PATHS = (
					"$(inherited)",
					"@executable_path/Frameworks",
					"@loader_path/Frameworks",
				);
				PRODUCT_BUNDLE_IDENTIFIER = frg.DringUpTests;
				PRODUCT_NAME = "$(TARGET_NAME)";
				SWIFT_VERSION = 5.0;
				TARGETED_DEVICE_FAMILY = "1,2";
				TEST_HOST = "$(BUILT_PRODUCTS_DIR)/DringUp.app/DringUp";
			};
			name = Debug;
		};
		F73981C623CB626D0011E5F2 /* Release */ = {
			isa = XCBuildConfiguration;
			buildSettings = {
				ALWAYS_EMBED_SWIFT_STANDARD_LIBRARIES = YES;
				BUNDLE_LOADER = "$(TEST_HOST)";
				CODE_SIGN_STYLE = Automatic;
				DEVELOPMENT_TEAM = QYUF6SP3TV;
				INFOPLIST_FILE = DringUpTests/Info.plist;
				LD_RUNPATH_SEARCH_PATHS = (
					"$(inherited)",
					"@executable_path/Frameworks",
					"@loader_path/Frameworks",
				);
				PRODUCT_BUNDLE_IDENTIFIER = frg.DringUpTests;
				PRODUCT_NAME = "$(TARGET_NAME)";
				SWIFT_VERSION = 5.0;
				TARGETED_DEVICE_FAMILY = "1,2";
				TEST_HOST = "$(BUILT_PRODUCTS_DIR)/DringUp.app/DringUp";
			};
			name = Release;
		};
		F73981C823CB626D0011E5F2 /* Debug */ = {
			isa = XCBuildConfiguration;
			buildSettings = {
				ALWAYS_EMBED_SWIFT_STANDARD_LIBRARIES = YES;
				CODE_SIGN_STYLE = Automatic;
				DEVELOPMENT_TEAM = QYUF6SP3TV;
				INFOPLIST_FILE = DringUpUITests/Info.plist;
				LD_RUNPATH_SEARCH_PATHS = (
					"$(inherited)",
					"@executable_path/Frameworks",
					"@loader_path/Frameworks",
				);
				PRODUCT_BUNDLE_IDENTIFIER = frg.DringUpUITests;
				PRODUCT_NAME = "$(TARGET_NAME)";
				SWIFT_VERSION = 5.0;
				TARGETED_DEVICE_FAMILY = "1,2";
				TEST_TARGET_NAME = DringUp;
			};
			name = Debug;
		};
		F73981C923CB626D0011E5F2 /* Release */ = {
			isa = XCBuildConfiguration;
			buildSettings = {
				ALWAYS_EMBED_SWIFT_STANDARD_LIBRARIES = YES;
				CODE_SIGN_STYLE = Automatic;
				DEVELOPMENT_TEAM = QYUF6SP3TV;
				INFOPLIST_FILE = DringUpUITests/Info.plist;
				LD_RUNPATH_SEARCH_PATHS = (
					"$(inherited)",
					"@executable_path/Frameworks",
					"@loader_path/Frameworks",
				);
				PRODUCT_BUNDLE_IDENTIFIER = frg.DringUpUITests;
				PRODUCT_NAME = "$(TARGET_NAME)";
				SWIFT_VERSION = 5.0;
				TARGETED_DEVICE_FAMILY = "1,2";
				TEST_TARGET_NAME = DringUp;
			};
			name = Release;
		};
/* End XCBuildConfiguration section */

/* Begin XCConfigurationList section */
		F739819423CB62640011E5F2 /* Build configuration list for PBXProject "DringUp" */ = {
			isa = XCConfigurationList;
			buildConfigurations = (
				F73981BF23CB626D0011E5F2 /* Debug */,
				F73981C023CB626D0011E5F2 /* Release */,
			);
			defaultConfigurationIsVisible = 0;
			defaultConfigurationName = Release;
		};
		F73981C123CB626D0011E5F2 /* Build configuration list for PBXNativeTarget "DringUp" */ = {
			isa = XCConfigurationList;
			buildConfigurations = (
				F73981C223CB626D0011E5F2 /* Debug */,
				F73981C323CB626D0011E5F2 /* Release */,
			);
			defaultConfigurationIsVisible = 0;
			defaultConfigurationName = Release;
		};
		F73981C423CB626D0011E5F2 /* Build configuration list for PBXNativeTarget "DringUpTests" */ = {
			isa = XCConfigurationList;
			buildConfigurations = (
				F73981C523CB626D0011E5F2 /* Debug */,
				F73981C623CB626D0011E5F2 /* Release */,
			);
			defaultConfigurationIsVisible = 0;
			defaultConfigurationName = Release;
		};
		F73981C723CB626D0011E5F2 /* Build configuration list for PBXNativeTarget "DringUpUITests" */ = {
			isa = XCConfigurationList;
			buildConfigurations = (
				F73981C823CB626D0011E5F2 /* Debug */,
				F73981C923CB626D0011E5F2 /* Release */,
			);
			defaultConfigurationIsVisible = 0;
			defaultConfigurationName = Release;
		};
/* End XCConfigurationList section */
	};
	rootObject = F739819123CB62640011E5F2 /* Project object */;
}
